// !$*UTF8*$!
{
	archiveVersion = 1;
	classes = {
	};
	objectVersion = 46;
	objects = {

/* Begin PBXBuildFile section */
		823725CB1B3F1AFF0054AEAE /* GitHubClient.m in Sources */ = {isa = PBXBuildFile; fileRef = 823725CA1B3F1AFF0054AEAE /* GitHubClient.m */; };
		825E57A31B417AD200C84050 /* LoadingViewController.m in Sources */ = {isa = PBXBuildFile; fileRef = 825E57A21B417AD200C84050 /* LoadingViewController.m */; };
		825E57A61B4183C900C84050 /* GitHubUser.m in Sources */ = {isa = PBXBuildFile; fileRef = 825E57A51B4183C900C84050 /* GitHubUser.m */; };
		82994E101B3DB9BF00B6FDE8 /* main.m in Sources */ = {isa = PBXBuildFile; fileRef = 82994E0F1B3DB9BF00B6FDE8 /* main.m */; };
		82994E131B3DB9BF00B6FDE8 /* AppDelegate.m in Sources */ = {isa = PBXBuildFile; fileRef = 82994E121B3DB9BF00B6FDE8 /* AppDelegate.m */; };
		82994E191B3DB9BF00B6FDE8 /* Main.storyboard in Resources */ = {isa = PBXBuildFile; fileRef = 82994E171B3DB9BF00B6FDE8 /* Main.storyboard */; };
		82994E1B1B3DB9BF00B6FDE8 /* Images.xcassets in Resources */ = {isa = PBXBuildFile; fileRef = 82994E1A1B3DB9BF00B6FDE8 /* Images.xcassets */; };
		82994E1E1B3DB9BF00B6FDE8 /* LaunchScreen.xib in Resources */ = {isa = PBXBuildFile; fileRef = 82994E1C1B3DB9BF00B6FDE8 /* LaunchScreen.xib */; };
		82994E2A1B3DB9C000B6FDE8 /* GistViewTests.m in Sources */ = {isa = PBXBuildFile; fileRef = 82994E291B3DB9C000B6FDE8 /* GistViewTests.m */; };
		FE0DCA191FA177A454ACD3FE /* Pods_GistView.framework in Frameworks */ = {isa = PBXBuildFile; fileRef = 7529C3B2C03AF6EE879C6125 /* Pods_GistView.framework */; settings = {ATTRIBUTES = (Weak, ); }; };
/* End PBXBuildFile section */

/* Begin PBXContainerItemProxy section */
		82994E241B3DB9C000B6FDE8 /* PBXContainerItemProxy */ = {
			isa = PBXContainerItemProxy;
			containerPortal = 82994E021B3DB9BF00B6FDE8 /* Project object */;
			proxyType = 1;
			remoteGlobalIDString = 82994E091B3DB9BF00B6FDE8;
			remoteInfo = GistView;
		};
/* End PBXContainerItemProxy section */

/* Begin PBXFileReference section */
		32330F415D31AA57AF1A8AC4 /* Pods-GistView.debug.xcconfig */ = {isa = PBXFileReference; includeInIndex = 1; lastKnownFileType = text.xcconfig; name = "Pods-GistView.debug.xcconfig"; path = "Pods/Target Support Files/Pods-GistView/Pods-GistView.debug.xcconfig"; sourceTree = "<group>"; };
		7529C3B2C03AF6EE879C6125 /* Pods_GistView.framework */ = {isa = PBXFileReference; explicitFileType = wrapper.framework; includeInIndex = 0; path = Pods_GistView.framework; sourceTree = BUILT_PRODUCTS_DIR; };
		77F28DD0C07AE92DD3EB8D3D /* Pods-GistView.release.xcconfig */ = {isa = PBXFileReference; includeInIndex = 1; lastKnownFileType = text.xcconfig; name = "Pods-GistView.release.xcconfig"; path = "Pods/Target Support Files/Pods-GistView/Pods-GistView.release.xcconfig"; sourceTree = "<group>"; };
		823725C91B3F1AFF0054AEAE /* GitHubClient.h */ = {isa = PBXFileReference; fileEncoding = 4; lastKnownFileType = sourcecode.c.h; path = GitHubClient.h; sourceTree = "<group>"; };
		823725CA1B3F1AFF0054AEAE /* GitHubClient.m */ = {isa = PBXFileReference; fileEncoding = 4; lastKnownFileType = sourcecode.c.objc; path = GitHubClient.m; sourceTree = "<group>"; };
		823725CD1B3FE10F0054AEAE /* ServerDefine.h */ = {isa = PBXFileReference; lastKnownFileType = sourcecode.c.h; path = ServerDefine.h; sourceTree = "<group>"; };
		825E57A11B417AD200C84050 /* LoadingViewController.h */ = {isa = PBXFileReference; fileEncoding = 4; lastKnownFileType = sourcecode.c.h; path = LoadingViewController.h; sourceTree = "<group>"; };
		825E57A21B417AD200C84050 /* LoadingViewController.m */ = {isa = PBXFileReference; fileEncoding = 4; lastKnownFileType = sourcecode.c.objc; path = LoadingViewController.m; sourceTree = "<group>"; };
		825E57A41B4183C900C84050 /* GitHubUser.h */ = {isa = PBXFileReference; fileEncoding = 4; lastKnownFileType = sourcecode.c.h; path = GitHubUser.h; sourceTree = "<group>"; };
		825E57A51B4183C900C84050 /* GitHubUser.m */ = {isa = PBXFileReference; fileEncoding = 4; lastKnownFileType = sourcecode.c.objc; path = GitHubUser.m; sourceTree = "<group>"; };
		82994E0A1B3DB9BF00B6FDE8 /* GistView.app */ = {isa = PBXFileReference; explicitFileType = wrapper.application; includeInIndex = 0; path = GistView.app; sourceTree = BUILT_PRODUCTS_DIR; };
		82994E0E1B3DB9BF00B6FDE8 /* Info.plist */ = {isa = PBXFileReference; lastKnownFileType = text.plist.xml; path = Info.plist; sourceTree = "<group>"; };
		82994E0F1B3DB9BF00B6FDE8 /* main.m */ = {isa = PBXFileReference; lastKnownFileType = sourcecode.c.objc; path = main.m; sourceTree = "<group>"; };
		82994E111B3DB9BF00B6FDE8 /* AppDelegate.h */ = {isa = PBXFileReference; lastKnownFileType = sourcecode.c.h; path = AppDelegate.h; sourceTree = "<group>"; };
		82994E121B3DB9BF00B6FDE8 /* AppDelegate.m */ = {isa = PBXFileReference; lastKnownFileType = sourcecode.c.objc; path = AppDelegate.m; sourceTree = "<group>"; };
		82994E181B3DB9BF00B6FDE8 /* Base */ = {isa = PBXFileReference; lastKnownFileType = file.storyboard; name = Base; path = Base.lproj/Main.storyboard; sourceTree = "<group>"; };
		82994E1A1B3DB9BF00B6FDE8 /* Images.xcassets */ = {isa = PBXFileReference; lastKnownFileType = folder.assetcatalog; path = Images.xcassets; sourceTree = "<group>"; };
		82994E1D1B3DB9BF00B6FDE8 /* Base */ = {isa = PBXFileReference; lastKnownFileType = file.xib; name = Base; path = Base.lproj/LaunchScreen.xib; sourceTree = "<group>"; };
		82994E231B3DB9C000B6FDE8 /* GistViewTests.xctest */ = {isa = PBXFileReference; explicitFileType = wrapper.cfbundle; includeInIndex = 0; path = GistViewTests.xctest; sourceTree = BUILT_PRODUCTS_DIR; };
		82994E281B3DB9C000B6FDE8 /* Info.plist */ = {isa = PBXFileReference; lastKnownFileType = text.plist.xml; path = Info.plist; sourceTree = "<group>"; };
		82994E291B3DB9C000B6FDE8 /* GistViewTests.m */ = {isa = PBXFileReference; lastKnownFileType = sourcecode.c.objc; path = GistViewTests.m; sourceTree = "<group>"; };
/* End PBXFileReference section */

/* Begin PBXFrameworksBuildPhase section */
		82994E071B3DB9BF00B6FDE8 /* Frameworks */ = {
			isa = PBXFrameworksBuildPhase;
			buildActionMask = 2147483647;
			files = (
				FE0DCA191FA177A454ACD3FE /* Pods_GistView.framework in Frameworks */,
			);
			runOnlyForDeploymentPostprocessing = 0;
		};
		82994E201B3DB9C000B6FDE8 /* Frameworks */ = {
			isa = PBXFrameworksBuildPhase;
			buildActionMask = 2147483647;
			files = (
			);
			runOnlyForDeploymentPostprocessing = 0;
		};
/* End PBXFrameworksBuildPhase section */

/* Begin PBXGroup section */
		823725C81B3F18C80054AEAE /* GitHubClient */ = {
			isa = PBXGroup;
			children = (
				823725C91B3F1AFF0054AEAE /* GitHubClient.h */,
				823725CA1B3F1AFF0054AEAE /* GitHubClient.m */,
				823725CD1B3FE10F0054AEAE /* ServerDefine.h */,
				825E57A41B4183C900C84050 /* GitHubUser.h */,
				825E57A51B4183C900C84050 /* GitHubUser.m */,
			);
			path = GitHubClient;
			sourceTree = "<group>";
		};
		825E57A01B417AB700C84050 /* Controllers */ = {
			isa = PBXGroup;
			children = (
				825E57A11B417AD200C84050 /* LoadingViewController.h */,
				825E57A21B417AD200C84050 /* LoadingViewController.m */,
			);
			path = Controllers;
			sourceTree = "<group>";
		};
		82994E011B3DB9BF00B6FDE8 = {
			isa = PBXGroup;
			children = (
				82994E0C1B3DB9BF00B6FDE8 /* GistView */,
				82994E261B3DB9C000B6FDE8 /* GistViewTests */,
				82994E0B1B3DB9BF00B6FDE8 /* Products */,
				ABB7D01A6F37080305FF6BD1 /* Pods */,
				FFF72BA1CE719F0CCAE53892 /* Frameworks */,
			);
			sourceTree = "<group>";
		};
		82994E0B1B3DB9BF00B6FDE8 /* Products */ = {
			isa = PBXGroup;
			children = (
				82994E0A1B3DB9BF00B6FDE8 /* GistView.app */,
				82994E231B3DB9C000B6FDE8 /* GistViewTests.xctest */,
			);
			name = Products;
			sourceTree = "<group>";
		};
		82994E0C1B3DB9BF00B6FDE8 /* GistView */ = {
			isa = PBXGroup;
			children = (
				825E57A01B417AB700C84050 /* Controllers */,
				823725C81B3F18C80054AEAE /* GitHubClient */,
				82994E111B3DB9BF00B6FDE8 /* AppDelegate.h */,
				82994E121B3DB9BF00B6FDE8 /* AppDelegate.m */,
				82994E171B3DB9BF00B6FDE8 /* Main.storyboard */,
				82994E1A1B3DB9BF00B6FDE8 /* Images.xcassets */,
				82994E1C1B3DB9BF00B6FDE8 /* LaunchScreen.xib */,
				82994E0D1B3DB9BF00B6FDE8 /* Supporting Files */,
			);
			path = GistView;
			sourceTree = "<group>";
		};
		82994E0D1B3DB9BF00B6FDE8 /* Supporting Files */ = {
			isa = PBXGroup;
			children = (
				82994E0E1B3DB9BF00B6FDE8 /* Info.plist */,
				82994E0F1B3DB9BF00B6FDE8 /* main.m */,
			);
			name = "Supporting Files";
			sourceTree = "<group>";
		};
		82994E261B3DB9C000B6FDE8 /* GistViewTests */ = {
			isa = PBXGroup;
			children = (
				82994E291B3DB9C000B6FDE8 /* GistViewTests.m */,
				82994E271B3DB9C000B6FDE8 /* Supporting Files */,
			);
			path = GistViewTests;
			sourceTree = "<group>";
		};
		82994E271B3DB9C000B6FDE8 /* Supporting Files */ = {
			isa = PBXGroup;
			children = (
				82994E281B3DB9C000B6FDE8 /* Info.plist */,
			);
			name = "Supporting Files";
			sourceTree = "<group>";
		};
		ABB7D01A6F37080305FF6BD1 /* Pods */ = {
			isa = PBXGroup;
			children = (
				32330F415D31AA57AF1A8AC4 /* Pods-GistView.debug.xcconfig */,
				77F28DD0C07AE92DD3EB8D3D /* Pods-GistView.release.xcconfig */,
			);
			name = Pods;
			sourceTree = "<group>";
		};
		FFF72BA1CE719F0CCAE53892 /* Frameworks */ = {
			isa = PBXGroup;
			children = (
				7529C3B2C03AF6EE879C6125 /* Pods_GistView.framework */,
			);
			name = Frameworks;
			sourceTree = "<group>";
		};
/* End PBXGroup section */

/* Begin PBXNativeTarget section */
		82994E091B3DB9BF00B6FDE8 /* GistView */ = {
			isa = PBXNativeTarget;
			buildConfigurationList = 82994E2D1B3DB9C000B6FDE8 /* Build configuration list for PBXNativeTarget "GistView" */;
			buildPhases = (
				EA090E9C32077B441F7F6EAA /* Check Pods Manifest.lock */,
				82994E061B3DB9BF00B6FDE8 /* Sources */,
				82994E071B3DB9BF00B6FDE8 /* Frameworks */,
				82994E081B3DB9BF00B6FDE8 /* Resources */,
				5C2AA157F0D9E6DE48D64F25 /* Copy Pods Resources */,
				1FCA0A9C46B4C9EB10662403 /* Embed Pods Frameworks */,
			);
			buildRules = (
			);
			dependencies = (
			);
			name = GistView;
			productName = GistView;
			productReference = 82994E0A1B3DB9BF00B6FDE8 /* GistView.app */;
			productType = "com.apple.product-type.application";
		};
		82994E221B3DB9C000B6FDE8 /* GistViewTests */ = {
			isa = PBXNativeTarget;
			buildConfigurationList = 82994E301B3DB9C000B6FDE8 /* Build configuration list for PBXNativeTarget "GistViewTests" */;
			buildPhases = (
				82994E1F1B3DB9C000B6FDE8 /* Sources */,
				82994E201B3DB9C000B6FDE8 /* Frameworks */,
				82994E211B3DB9C000B6FDE8 /* Resources */,
			);
			buildRules = (
			);
			dependencies = (
				82994E251B3DB9C000B6FDE8 /* PBXTargetDependency */,
			);
			name = GistViewTests;
			productName = GistViewTests;
			productReference = 82994E231B3DB9C000B6FDE8 /* GistViewTests.xctest */;
			productType = "com.apple.product-type.bundle.unit-test";
		};
/* End PBXNativeTarget section */

/* Begin PBXProject section */
		82994E021B3DB9BF00B6FDE8 /* Project object */ = {
			isa = PBXProject;
			attributes = {
				LastUpgradeCheck = 0630;
				ORGANIZATIONNAME = "Sebastian Qu";
				TargetAttributes = {
					82994E091B3DB9BF00B6FDE8 = {
						CreatedOnToolsVersion = 6.3.2;
					};
					82994E221B3DB9C000B6FDE8 = {
						CreatedOnToolsVersion = 6.3.2;
						TestTargetID = 82994E091B3DB9BF00B6FDE8;
					};
				};
			};
			buildConfigurationList = 82994E051B3DB9BF00B6FDE8 /* Build configuration list for PBXProject "GistView" */;
			compatibilityVersion = "Xcode 3.2";
			developmentRegion = English;
			hasScannedForEncodings = 0;
			knownRegions = (
				en,
				Base,
			);
			mainGroup = 82994E011B3DB9BF00B6FDE8;
			productRefGroup = 82994E0B1B3DB9BF00B6FDE8 /* Products */;
			projectDirPath = "";
			projectRoot = "";
			targets = (
				82994E091B3DB9BF00B6FDE8 /* GistView */,
				82994E221B3DB9C000B6FDE8 /* GistViewTests */,
			);
		};
/* End PBXProject section */

/* Begin PBXResourcesBuildPhase section */
		82994E081B3DB9BF00B6FDE8 /* Resources */ = {
			isa = PBXResourcesBuildPhase;
			buildActionMask = 2147483647;
			files = (
				82994E191B3DB9BF00B6FDE8 /* Main.storyboard in Resources */,
				82994E1E1B3DB9BF00B6FDE8 /* LaunchScreen.xib in Resources */,
				82994E1B1B3DB9BF00B6FDE8 /* Images.xcassets in Resources */,
			);
			runOnlyForDeploymentPostprocessing = 0;
		};
		82994E211B3DB9C000B6FDE8 /* Resources */ = {
			isa = PBXResourcesBuildPhase;
			buildActionMask = 2147483647;
			files = (
			);
			runOnlyForDeploymentPostprocessing = 0;
		};
/* End PBXResourcesBuildPhase section */

/* Begin PBXShellScriptBuildPhase section */
		1FCA0A9C46B4C9EB10662403 /* Embed Pods Frameworks */ = {
			isa = PBXShellScriptBuildPhase;
			buildActionMask = 2147483647;
			files = (
			);
			inputPaths = (
			);
			name = "Embed Pods Frameworks";
			outputPaths = (
			);
			runOnlyForDeploymentPostprocessing = 0;
			shellPath = /bin/sh;
			shellScript = "\"${SRCROOT}/Pods/Target Support Files/Pods-GistView/Pods-GistView-frameworks.sh\"\n";
			showEnvVarsInLog = 0;
		};
		5C2AA157F0D9E6DE48D64F25 /* Copy Pods Resources */ = {
			isa = PBXShellScriptBuildPhase;
			buildActionMask = 2147483647;
			files = (
			);
			inputPaths = (
			);
			name = "Copy Pods Resources";
			outputPaths = (
			);
			runOnlyForDeploymentPostprocessing = 0;
			shellPath = /bin/sh;
			shellScript = "\"${SRCROOT}/Pods/Target Support Files/Pods-GistView/Pods-GistView-resources.sh\"\n";
			showEnvVarsInLog = 0;
		};
		EA090E9C32077B441F7F6EAA /* Check Pods Manifest.lock */ = {
			isa = PBXShellScriptBuildPhase;
			buildActionMask = 2147483647;
			files = (
			);
			inputPaths = (
			);
			name = "Check Pods Manifest.lock";
			outputPaths = (
			);
			runOnlyForDeploymentPostprocessing = 0;
			shellPath = /bin/sh;
			shellScript = "diff \"${PODS_ROOT}/../Podfile.lock\" \"${PODS_ROOT}/Manifest.lock\" > /dev/null\nif [[ $? != 0 ]] ; then\n    cat << EOM\nerror: The sandbox is not in sync with the Podfile.lock. Run 'pod install' or update your CocoaPods installation.\nEOM\n    exit 1\nfi\n";
			showEnvVarsInLog = 0;
		};
/* End PBXShellScriptBuildPhase section */

/* Begin PBXSourcesBuildPhase section */
		82994E061B3DB9BF00B6FDE8 /* Sources */ = {
			isa = PBXSourcesBuildPhase;
			buildActionMask = 2147483647;
			files = (
				82994E131B3DB9BF00B6FDE8 /* AppDelegate.m in Sources */,
				825E57A61B4183C900C84050 /* GitHubUser.m in Sources */,
				82994E101B3DB9BF00B6FDE8 /* main.m in Sources */,
				823725CB1B3F1AFF0054AEAE /* GitHubClient.m in Sources */,
				825E57A31B417AD200C84050 /* LoadingViewController.m in Sources */,
			);
			runOnlyForDeploymentPostprocessing = 0;
		};
		82994E1F1B3DB9C000B6FDE8 /* Sources */ = {
			isa = PBXSourcesBuildPhase;
			buildActionMask = 2147483647;
			files = (
				82994E2A1B3DB9C000B6FDE8 /* GistViewTests.m in Sources */,
			);
			runOnlyForDeploymentPostprocessing = 0;
		};
/* End PBXSourcesBuildPhase section */

/* Begin PBXTargetDependency section */
		82994E251B3DB9C000B6FDE8 /* PBXTargetDependency */ = {
			isa = PBXTargetDependency;
			target = 82994E091B3DB9BF00B6FDE8 /* GistView */;
			targetProxy = 82994E241B3DB9C000B6FDE8 /* PBXContainerItemProxy */;
		};
/* End PBXTargetDependency section */

/* Begin PBXVariantGroup section */
		82994E171B3DB9BF00B6FDE8 /* Main.storyboard */ = {
			isa = PBXVariantGroup;
			children = (
				82994E181B3DB9BF00B6FDE8 /* Base */,
			);
			name = Main.storyboard;
			sourceTree = "<group>";
		};
		82994E1C1B3DB9BF00B6FDE8 /* LaunchScreen.xib */ = {
			isa = PBXVariantGroup;
			children = (
				82994E1D1B3DB9BF00B6FDE8 /* Base */,
			);
			name = LaunchScreen.xib;
			sourceTree = "<group>";
		};
/* End PBXVariantGroup section */

/* Begin XCBuildConfiguration section */
		82994E2B1B3DB9C000B6FDE8 /* Debug */ = {
			isa = XCBuildConfiguration;
			buildSettings = {
				ALWAYS_SEARCH_USER_PATHS = NO;
				CLANG_CXX_LANGUAGE_STANDARD = "gnu++0x";
				CLANG_CXX_LIBRARY = "libc++";
				CLANG_ENABLE_MODULES = YES;
				CLANG_ENABLE_OBJC_ARC = YES;
				CLANG_WARN_BOOL_CONVERSION = YES;
				CLANG_WARN_CONSTANT_CONVERSION = YES;
				CLANG_WARN_DIRECT_OBJC_ISA_USAGE = YES_ERROR;
				CLANG_WARN_EMPTY_BODY = YES;
				CLANG_WARN_ENUM_CONVERSION = YES;
				CLANG_WARN_INT_CONVERSION = YES;
				CLANG_WARN_OBJC_ROOT_CLASS = YES_ERROR;
				CLANG_WARN_UNREACHABLE_CODE = YES;
				CLANG_WARN__DUPLICATE_METHOD_MATCH = YES;
				"CODE_SIGN_IDENTITY[sdk=iphoneos*]" = "iPhone Developer";
				COPY_PHASE_STRIP = NO;
				DEBUG_INFORMATION_FORMAT = "dwarf-with-dsym";
				ENABLE_STRICT_OBJC_MSGSEND = YES;
				GCC_C_LANGUAGE_STANDARD = gnu99;
				GCC_DYNAMIC_NO_PIC = NO;
				GCC_NO_COMMON_BLOCKS = YES;
				GCC_OPTIMIZATION_LEVEL = 0;
				GCC_PREPROCESSOR_DEFINITIONS = (
					"DEBUG=1",
					"$(inherited)",
				);
				GCC_SYMBOLS_PRIVATE_EXTERN = NO;
				GCC_WARN_64_TO_32_BIT_CONVERSION = YES;
				GCC_WARN_ABOUT_RETURN_TYPE = YES_ERROR;
				GCC_WARN_UNDECLARED_SELECTOR = YES;
				GCC_WARN_UNINITIALIZED_AUTOS = YES_AGGRESSIVE;
				GCC_WARN_UNUSED_FUNCTION = YES;
				GCC_WARN_UNUSED_VARIABLE = YES;
				IPHONEOS_DEPLOYMENT_TARGET = 8.3;
				MTL_ENABLE_DEBUG_INFO = YES;
				ONLY_ACTIVE_ARCH = YES;
				SDKROOT = iphoneos;
			};
			name = Debug;
		};
		82994E2C1B3DB9C000B6FDE8 /* Release */ = {
			isa = XCBuildConfiguration;
			buildSettings = {
				ALWAYS_SEARCH_USER_PATHS = NO;
				CLANG_CXX_LANGUAGE_STANDARD = "gnu++0x";
				CLANG_CXX_LIBRARY = "libc++";
				CLANG_ENABLE_MODULES = YES;
				CLANG_ENABLE_OBJC_ARC = YES;
				CLANG_WARN_BOOL_CONVERSION = YES;
				CLANG_WARN_CONSTANT_CONVERSION = YES;
				CLANG_WARN_DIRECT_OBJC_ISA_USAGE = YES_ERROR;
				CLANG_WARN_EMPTY_BODY = YES;
				CLANG_WARN_ENUM_CONVERSION = YES;
				CLANG_WARN_INT_CONVERSION = YES;
				CLANG_WARN_OBJC_ROOT_CLASS = YES_ERROR;
				CLANG_WARN_UNREACHABLE_CODE = YES;
				CLANG_WARN__DUPLICATE_METHOD_MATCH = YES;
				"CODE_SIGN_IDENTITY[sdk=iphoneos*]" = "iPhone Developer";
				COPY_PHASE_STRIP = NO;
				DEBUG_INFORMATION_FORMAT = "dwarf-with-dsym";
				ENABLE_NS_ASSERTIONS = NO;
				ENABLE_STRICT_OBJC_MSGSEND = YES;
				GCC_C_LANGUAGE_STANDARD = gnu99;
				GCC_NO_COMMON_BLOCKS = YES;
				GCC_WARN_64_TO_32_BIT_CONVERSION = YES;
				GCC_WARN_ABOUT_RETURN_TYPE = YES_ERROR;
				GCC_WARN_UNDECLARED_SELECTOR = YES;
				GCC_WARN_UNINITIALIZED_AUTOS = YES_AGGRESSIVE;
				GCC_WARN_UNUSED_FUNCTION = YES;
				GCC_WARN_UNUSED_VARIABLE = YES;
				IPHONEOS_DEPLOYMENT_TARGET = 8.3;
				MTL_ENABLE_DEBUG_INFO = NO;
				SDKROOT = iphoneos;
				VALIDATE_PRODUCT = YES;
			};
			name = Release;
		};
		82994E2E1B3DB9C000B6FDE8 /* Debug */ = {
			isa = XCBuildConfiguration;
			baseConfigurationReference = 32330F415D31AA57AF1A8AC4 /* Pods-GistView.debug.xcconfig */;
			buildSettings = {
				ASSETCATALOG_COMPILER_APPICON_NAME = AppIcon;
				INFOPLIST_FILE = GistView/Info.plist;
				LD_RUNPATH_SEARCH_PATHS = "$(inherited) @executable_path/Frameworks";
				PRODUCT_NAME = "$(TARGET_NAME)";
			};
			name = Debug;
		};
		82994E2F1B3DB9C000B6FDE8 /* Release */ = {
			isa = XCBuildConfiguration;
			baseConfigurationReference = 77F28DD0C07AE92DD3EB8D3D /* Pods-GistView.release.xcconfig */;
			buildSettings = {
				ASSETCATALOG_COMPILER_APPICON_NAME = AppIcon;
				INFOPLIST_FILE = GistView/Info.plist;
				LD_RUNPATH_SEARCH_PATHS = "$(inherited) @executable_path/Frameworks";
				PRODUCT_NAME = "$(TARGET_NAME)";
			};
			name = Release;
		};
		82994E311B3DB9C000B6FDE8 /* Debug */ = {
			isa = XCBuildConfiguration;
			buildSettings = {
				BUNDLE_LOADER = "$(TEST_HOST)";
				FRAMEWORK_SEARCH_PATHS = (
					"$(SDKROOT)/Developer/Library/Frameworks",
					"$(inherited)",
				);
				GCC_PREPROCESSOR_DEFINITIONS = (
					"DEBUG=1",
					"$(inherited)",
				);
				INFOPLIST_FILE = GistViewTests/Info.plist;
				LD_RUNPATH_SEARCH_PATHS = "$(inherited) @executable_path/Frameworks @loader_path/Frameworks";
				PRODUCT_NAME = "$(TARGET_NAME)";
				TEST_HOST = "$(BUILT_PRODUCTS_DIR)/GistView.app/GistView";
			};
			name = Debug;
		};
		82994E321B3DB9C000B6FDE8 /* Release */ = {
			isa = XCBuildConfiguration;
			buildSettings = {
				BUNDLE_LOADER = "$(TEST_HOST)";
				FRAMEWORK_SEARCH_PATHS = (
					"$(SDKROOT)/Developer/Library/Frameworks",
					"$(inherited)",
				);
				INFOPLIST_FILE = GistViewTests/Info.plist;
				LD_RUNPATH_SEARCH_PATHS = "$(inherited) @executable_path/Frameworks @loader_path/Frameworks";
				PRODUCT_NAME = "$(TARGET_NAME)";
				TEST_HOST = "$(BUILT_PRODUCTS_DIR)/GistView.app/GistView";
			};
			name = Release;
		};
/* End XCBuildConfiguration section */

/* Begin XCConfigurationList section */
		82994E051B3DB9BF00B6FDE8 /* Build configuration list for PBXProject "GistView" */ = {
			isa = XCConfigurationList;
			buildConfigurations = (
				82994E2B1B3DB9C000B6FDE8 /* Debug */,
				82994E2C1B3DB9C000B6FDE8 /* Release */,
			);
			defaultConfigurationIsVisible = 0;
			defaultConfigurationName = Release;
		};
		82994E2D1B3DB9C000B6FDE8 /* Build configuration list for PBXNativeTarget "GistView" */ = {
			isa = XCConfigurationList;
			buildConfigurations = (
				82994E2E1B3DB9C000B6FDE8 /* Debug */,
				82994E2F1B3DB9C000B6FDE8 /* Release */,
			);
			defaultConfigurationIsVisible = 0;
			defaultConfigurationName = Release;
		};
		82994E301B3DB9C000B6FDE8 /* Build configuration list for PBXNativeTarget "GistViewTests" */ = {
			isa = XCConfigurationList;
			buildConfigurations = (
				82994E311B3DB9C000B6FDE8 /* Debug */,
				82994E321B3DB9C000B6FDE8 /* Release */,
			);
			defaultConfigurationIsVisible = 0;
			defaultConfigurationName = Release;
		};
/* End XCConfigurationList section */
	};
	rootObject = 82994E021B3DB9BF00B6FDE8 /* Project object */;
}
